
Microsoft Visual Studio Solution File, Format Version 12.00
# Visual Studio Version 17
VisualStudioVersion = 17.6.33723.286
MinimumVisualStudioVersion = 10.0.40219.1
Project("{9A19103F-16F7-4668-BE54-9A1E7A4F7556}") = "Accumulate", "Accumulate.csproj", "{1E1EAB07-5D24-410E-8EF5-580EDD715A19}"
EndProject
Global
	GlobalSection(SolutionConfigurationPlatforms) = preSolution
		Debug|Any CPU = Debug|Any CPU
		Release|Any CPU = Release|Any CPU
	EndGlobalSection
	GlobalSection(ProjectConfigurationPlatforms) = postSolution
		{1E1EAB07-5D24-410E-8EF5-580EDD715A19}.Debug|Any CPU.ActiveCfg = Debug|Any CPU
		{1E1EAB07-5D24-410E-8EF5-580EDD715A19}.Debug|Any CPU.Build.0 = Debug|Any CPU
		{1E1EAB07-5D24-410E-8EF5-580EDD715A19}.Release|Any CPU.ActiveCfg = Release|Any CPU
		{1E1EAB07-5D24-410E-8EF5-580EDD715A19}.Release|Any CPU.Build.0 = Release|Any CPU
	EndGlobalSection
	GlobalSection(SolutionProperties) = preSolution
		HideSolutionNode = FALSE
	EndGlobalSection
	GlobalSection(ExtensibilityGlobals) = postSolution
		SolutionGuid = {A338F16B-3F19-4700-8E49-9A9C1CF73012}
	EndGlobalSection
EndGlobal
