
Microsoft Visual Studio Solution File, Format Version 12.00
# Visual Studio Version 17
VisualStudioVersion = 17.6.33723.286
MinimumVisualStudioVersion = 10.0.40219.1
Project("{9A19103F-16F7-4668-BE54-9A1E7A4F7556}") = "AllYourBase", "AllYourBase.csproj", "{FE4B42E8-1C91-4857-9B07-D7F2675EA94D}"
EndProject
Global
	GlobalSection(SolutionConfigurationPlatforms) = preSolution
		Debug|Any CPU = Debug|Any CPU
		Release|Any CPU = Release|Any CPU
	EndGlobalSection
	GlobalSection(ProjectConfigurationPlatforms) = postSolution
		{FE4B42E8-1C91-4857-9B07-D7F2675EA94D}.Debug|Any CPU.ActiveCfg = Debug|Any CPU
		{FE4B42E8-1C91-4857-9B07-D7F2675EA94D}.Debug|Any CPU.Build.0 = Debug|Any CPU
		{FE4B42E8-1C91-4857-9B07-D7F2675EA94D}.Release|Any CPU.ActiveCfg = Release|Any CPU
		{FE4B42E8-1C91-4857-9B07-D7F2675EA94D}.Release|Any CPU.Build.0 = Release|Any CPU
	EndGlobalSection
	GlobalSection(SolutionProperties) = preSolution
		HideSolutionNode = FALSE
	EndGlobalSection
	GlobalSection(ExtensibilityGlobals) = postSolution
		SolutionGuid = {CE56C0C0-9B11-429B-AD36-287442C6BF6C}
	EndGlobalSection
EndGlobal
