
Microsoft Visual Studio Solution File, Format Version 12.00
# Visual Studio Version 17
VisualStudioVersion = 17.6.33723.286
MinimumVisualStudioVersion = 10.0.40219.1
Project("{9A19103F-16F7-4668-BE54-9A1E7A4F7556}") = "LogLevels", "LogLevels.csproj", "{C78F038B-0C05-48DD-A584-0910B81B90D7}"
EndProject
Global
	GlobalSection(SolutionConfigurationPlatforms) = preSolution
		Debug|Any CPU = Debug|Any CPU
		Release|Any CPU = Release|Any CPU
	EndGlobalSection
	GlobalSection(ProjectConfigurationPlatforms) = postSolution
		{C78F038B-0C05-48DD-A584-0910B81B90D7}.Debug|Any CPU.ActiveCfg = Debug|Any CPU
		{C78F038B-0C05-48DD-A584-0910B81B90D7}.Debug|Any CPU.Build.0 = Debug|Any CPU
		{C78F038B-0C05-48DD-A584-0910B81B90D7}.Release|Any CPU.ActiveCfg = Release|Any CPU
		{C78F038B-0C05-48DD-A584-0910B81B90D7}.Release|Any CPU.Build.0 = Release|Any CPU
	EndGlobalSection
	GlobalSection(SolutionProperties) = preSolution
		HideSolutionNode = FALSE
	EndGlobalSection
	GlobalSection(ExtensibilityGlobals) = postSolution
		SolutionGuid = {0CE1358F-6F7F-4C4F-A7E3-E73870B1D852}
	EndGlobalSection
EndGlobal
