
Microsoft Visual Studio Solution File, Format Version 12.00
# Visual Studio Version 17
VisualStudioVersion = 17.6.33723.286
MinimumVisualStudioVersion = 10.0.40219.1
Project("{9A19103F-16F7-4668-BE54-9A1E7A4F7556}") = "SqueakyClean", "SqueakyClean.csproj", "{840B8AB5-BEA7-4DDA-9C13-7C2F1FA1A5F0}"
EndProject
Global
	GlobalSection(SolutionConfigurationPlatforms) = preSolution
		Debug|Any CPU = Debug|Any CPU
		Release|Any CPU = Release|Any CPU
	EndGlobalSection
	GlobalSection(ProjectConfigurationPlatforms) = postSolution
		{840B8AB5-BEA7-4DDA-9C13-7C2F1FA1A5F0}.Debug|Any CPU.ActiveCfg = Debug|Any CPU
		{840B8AB5-BEA7-4DDA-9C13-7C2F1FA1A5F0}.Debug|Any CPU.Build.0 = Debug|Any CPU
		{840B8AB5-BEA7-4DDA-9C13-7C2F1FA1A5F0}.Release|Any CPU.ActiveCfg = Release|Any CPU
		{840B8AB5-BEA7-4DDA-9C13-7C2F1FA1A5F0}.Release|Any CPU.Build.0 = Release|Any CPU
	EndGlobalSection
	GlobalSection(SolutionProperties) = preSolution
		HideSolutionNode = FALSE
	EndGlobalSection
	GlobalSection(ExtensibilityGlobals) = postSolution
		SolutionGuid = {960450D4-2454-440D-9012-D6914D647DF8}
	EndGlobalSection
EndGlobal
