
Microsoft Visual Studio Solution File, Format Version 12.00
# Visual Studio Version 17
VisualStudioVersion = 17.6.33723.286
MinimumVisualStudioVersion = 10.0.40219.1
Project("{9A19103F-16F7-4668-BE54-9A1E7A4F7556}") = "RemoteControlCompetition", "RemoteControlCompetition.csproj", "{A846983C-8037-44E7-A309-8097AAC18A5A}"
EndProject
Global
	GlobalSection(SolutionConfigurationPlatforms) = preSolution
		Debug|Any CPU = Debug|Any CPU
		Release|Any CPU = Release|Any CPU
	EndGlobalSection
	GlobalSection(ProjectConfigurationPlatforms) = postSolution
		{A846983C-8037-44E7-A309-8097AAC18A5A}.Debug|Any CPU.ActiveCfg = Debug|Any CPU
		{A846983C-8037-44E7-A309-8097AAC18A5A}.Debug|Any CPU.Build.0 = Debug|Any CPU
		{A846983C-8037-44E7-A309-8097AAC18A5A}.Release|Any CPU.ActiveCfg = Release|Any CPU
		{A846983C-8037-44E7-A309-8097AAC18A5A}.Release|Any CPU.Build.0 = Release|Any CPU
	EndGlobalSection
	GlobalSection(SolutionProperties) = preSolution
		HideSolutionNode = FALSE
	EndGlobalSection
	GlobalSection(ExtensibilityGlobals) = postSolution
		SolutionGuid = {A91479E8-06E1-4A1A-9CE9-6CF5E202E549}
	EndGlobalSection
EndGlobal
