
Microsoft Visual Studio Solution File, Format Version 12.00
# Visual Studio Version 17
VisualStudioVersion = 17.6.33723.286
MinimumVisualStudioVersion = 10.0.40219.1
Project("{9A19103F-16F7-4668-BE54-9A1E7A4F7556}") = "Bob", "Bob.csproj", "{EB12CA19-7989-49CE-9704-B9141F8350CC}"
EndProject
Global
	GlobalSection(SolutionConfigurationPlatforms) = preSolution
		Debug|Any CPU = Debug|Any CPU
		Release|Any CPU = Release|Any CPU
	EndGlobalSection
	GlobalSection(ProjectConfigurationPlatforms) = postSolution
		{EB12CA19-7989-49CE-9704-B9141F8350CC}.Debug|Any CPU.ActiveCfg = Debug|Any CPU
		{EB12CA19-7989-49CE-9704-B9141F8350CC}.Debug|Any CPU.Build.0 = Debug|Any CPU
		{EB12CA19-7989-49CE-9704-B9141F8350CC}.Release|Any CPU.ActiveCfg = Release|Any CPU
		{EB12CA19-7989-49CE-9704-B9141F8350CC}.Release|Any CPU.Build.0 = Release|Any CPU
	EndGlobalSection
	GlobalSection(SolutionProperties) = preSolution
		HideSolutionNode = FALSE
	EndGlobalSection
	GlobalSection(ExtensibilityGlobals) = postSolution
		SolutionGuid = {C34630CA-BF0D-4A65-BB74-4847CD8429F9}
	EndGlobalSection
EndGlobal
