
Microsoft Visual Studio Solution File, Format Version 12.00
# Visual Studio Version 17
VisualStudioVersion = 17.6.33723.286
MinimumVisualStudioVersion = 10.0.40219.1
Project("{9A19103F-16F7-4668-BE54-9A1E7A4F7556}") = "Allergies", "Allergies.csproj", "{3B0BB3C3-7312-4631-B068-45A1BDE4E67B}"
EndProject
Global
	GlobalSection(SolutionConfigurationPlatforms) = preSolution
		Debug|Any CPU = Debug|Any CPU
		Release|Any CPU = Release|Any CPU
	EndGlobalSection
	GlobalSection(ProjectConfigurationPlatforms) = postSolution
		{3B0BB3C3-7312-4631-B068-45A1BDE4E67B}.Debug|Any CPU.ActiveCfg = Debug|Any CPU
		{3B0BB3C3-7312-4631-B068-45A1BDE4E67B}.Debug|Any CPU.Build.0 = Debug|Any CPU
		{3B0BB3C3-7312-4631-B068-45A1BDE4E67B}.Release|Any CPU.ActiveCfg = Release|Any CPU
		{3B0BB3C3-7312-4631-B068-45A1BDE4E67B}.Release|Any CPU.Build.0 = Release|Any CPU
	EndGlobalSection
	GlobalSection(SolutionProperties) = preSolution
		HideSolutionNode = FALSE
	EndGlobalSection
	GlobalSection(ExtensibilityGlobals) = postSolution
		SolutionGuid = {C17C7E7C-1531-4071-9A33-413BB06BE938}
	EndGlobalSection
EndGlobal
