
Microsoft Visual Studio Solution File, Format Version 12.00
# Visual Studio Version 17
VisualStudioVersion = 17.6.33723.286
MinimumVisualStudioVersion = 10.0.40219.1
Project("{9A19103F-16F7-4668-BE54-9A1E7A4F7556}") = "HighSchoolSweethearts", "HighSchoolSweethearts.csproj", "{5C0E6C9B-3D73-43AF-89FC-2DAD3DDC835F}"
EndProject
Global
	GlobalSection(SolutionConfigurationPlatforms) = preSolution
		Debug|Any CPU = Debug|Any CPU
		Release|Any CPU = Release|Any CPU
	EndGlobalSection
	GlobalSection(ProjectConfigurationPlatforms) = postSolution
		{5C0E6C9B-3D73-43AF-89FC-2DAD3DDC835F}.Debug|Any CPU.ActiveCfg = Debug|Any CPU
		{5C0E6C9B-3D73-43AF-89FC-2DAD3DDC835F}.Debug|Any CPU.Build.0 = Debug|Any CPU
		{5C0E6C9B-3D73-43AF-89FC-2DAD3DDC835F}.Release|Any CPU.ActiveCfg = Release|Any CPU
		{5C0E6C9B-3D73-43AF-89FC-2DAD3DDC835F}.Release|Any CPU.Build.0 = Release|Any CPU
	EndGlobalSection
	GlobalSection(SolutionProperties) = preSolution
		HideSolutionNode = FALSE
	EndGlobalSection
	GlobalSection(ExtensibilityGlobals) = postSolution
		SolutionGuid = {0EF61A42-9378-4EA4-AAC5-2E27373CA9B4}
	EndGlobalSection
EndGlobal
