
Microsoft Visual Studio Solution File, Format Version 12.00
# Visual Studio Version 17
VisualStudioVersion = 17.6.33723.286
MinimumVisualStudioVersion = 10.0.40219.1
Project("{9A19103F-16F7-4668-BE54-9A1E7A4F7556}") = "KindergartenGarden", "KindergartenGarden.csproj", "{B21416A0-0AE3-459D-9164-3B99E2AE7A04}"
EndProject
Global
	GlobalSection(SolutionConfigurationPlatforms) = preSolution
		Debug|Any CPU = Debug|Any CPU
		Release|Any CPU = Release|Any CPU
	EndGlobalSection
	GlobalSection(ProjectConfigurationPlatforms) = postSolution
		{B21416A0-0AE3-459D-9164-3B99E2AE7A04}.Debug|Any CPU.ActiveCfg = Debug|Any CPU
		{B21416A0-0AE3-459D-9164-3B99E2AE7A04}.Debug|Any CPU.Build.0 = Debug|Any CPU
		{B21416A0-0AE3-459D-9164-3B99E2AE7A04}.Release|Any CPU.ActiveCfg = Release|Any CPU
		{B21416A0-0AE3-459D-9164-3B99E2AE7A04}.Release|Any CPU.Build.0 = Release|Any CPU
	EndGlobalSection
	GlobalSection(SolutionProperties) = preSolution
		HideSolutionNode = FALSE
	EndGlobalSection
	GlobalSection(ExtensibilityGlobals) = postSolution
		SolutionGuid = {65B4D195-6BFF-42E1-B2E1-1545248A52FD}
	EndGlobalSection
EndGlobal
