
Microsoft Visual Studio Solution File, Format Version 12.00
# Visual Studio Version 17
VisualStudioVersion = 17.6.33723.286
MinimumVisualStudioVersion = 10.0.40219.1
Project("{9A19103F-16F7-4668-BE54-9A1E7A4F7556}") = "Triangle", "Triangle.csproj", "{D90B63E9-D2FB-4443-AB52-E4DD0B3D2083}"
EndProject
Global
	GlobalSection(SolutionConfigurationPlatforms) = preSolution
		Debug|Any CPU = Debug|Any CPU
		Release|Any CPU = Release|Any CPU
	EndGlobalSection
	GlobalSection(ProjectConfigurationPlatforms) = postSolution
		{D90B63E9-D2FB-4443-AB52-E4DD0B3D2083}.Debug|Any CPU.ActiveCfg = Debug|Any CPU
		{D90B63E9-D2FB-4443-AB52-E4DD0B3D2083}.Debug|Any CPU.Build.0 = Debug|Any CPU
		{D90B63E9-D2FB-4443-AB52-E4DD0B3D2083}.Release|Any CPU.ActiveCfg = Release|Any CPU
		{D90B63E9-D2FB-4443-AB52-E4DD0B3D2083}.Release|Any CPU.Build.0 = Release|Any CPU
	EndGlobalSection
	GlobalSection(SolutionProperties) = preSolution
		HideSolutionNode = FALSE
	EndGlobalSection
	GlobalSection(ExtensibilityGlobals) = postSolution
		SolutionGuid = {1F12431B-85E9-4FC5-8AD3-151CB2E57BB3}
	EndGlobalSection
EndGlobal
