
Microsoft Visual Studio Solution File, Format Version 12.00
# Visual Studio Version 17
VisualStudioVersion = 17.6.33723.286
MinimumVisualStudioVersion = 10.0.40219.1
Project("{9A19103F-16F7-4668-BE54-9A1E7A4F7556}") = "HyperinflationHitsHyperia", "HyperinflationHitsHyperia.csproj", "{6951B199-3E08-4EC0-9566-BDCFE8CCB635}"
EndProject
Global
	GlobalSection(SolutionConfigurationPlatforms) = preSolution
		Debug|Any CPU = Debug|Any CPU
		Release|Any CPU = Release|Any CPU
	EndGlobalSection
	GlobalSection(ProjectConfigurationPlatforms) = postSolution
		{6951B199-3E08-4EC0-9566-BDCFE8CCB635}.Debug|Any CPU.ActiveCfg = Debug|Any CPU
		{6951B199-3E08-4EC0-9566-BDCFE8CCB635}.Debug|Any CPU.Build.0 = Debug|Any CPU
		{6951B199-3E08-4EC0-9566-BDCFE8CCB635}.Release|Any CPU.ActiveCfg = Release|Any CPU
		{6951B199-3E08-4EC0-9566-BDCFE8CCB635}.Release|Any CPU.Build.0 = Release|Any CPU
	EndGlobalSection
	GlobalSection(SolutionProperties) = preSolution
		HideSolutionNode = FALSE
	EndGlobalSection
	GlobalSection(ExtensibilityGlobals) = postSolution
		SolutionGuid = {EDBE4754-6037-4232-8DF9-A21F82F06AFC}
	EndGlobalSection
EndGlobal
