
Microsoft Visual Studio Solution File, Format Version 12.00
# Visual Studio Version 17
VisualStudioVersion = 17.7.34031.279
MinimumVisualStudioVersion = 10.0.40219.1
Project("{9A19103F-16F7-4668-BE54-9A1E7A4F7556}") = "RomanNumerals", "RomanNumerals.csproj", "{D7CC234F-1182-4D1F-99B2-A3E50C0C9DE3}"
EndProject
Global
	GlobalSection(SolutionConfigurationPlatforms) = preSolution
		Debug|Any CPU = Debug|Any CPU
		Release|Any CPU = Release|Any CPU
	EndGlobalSection
	GlobalSection(ProjectConfigurationPlatforms) = postSolution
		{D7CC234F-1182-4D1F-99B2-A3E50C0C9DE3}.Debug|Any CPU.ActiveCfg = Debug|Any CPU
		{D7CC234F-1182-4D1F-99B2-A3E50C0C9DE3}.Debug|Any CPU.Build.0 = Debug|Any CPU
		{D7CC234F-1182-4D1F-99B2-A3E50C0C9DE3}.Release|Any CPU.ActiveCfg = Release|Any CPU
		{D7CC234F-1182-4D1F-99B2-A3E50C0C9DE3}.Release|Any CPU.Build.0 = Release|Any CPU
	EndGlobalSection
	GlobalSection(SolutionProperties) = preSolution
		HideSolutionNode = FALSE
	EndGlobalSection
	GlobalSection(ExtensibilityGlobals) = postSolution
		SolutionGuid = {B3795493-6F90-429D-9D87-37A9E36DF184}
	EndGlobalSection
EndGlobal
