
Microsoft Visual Studio Solution File, Format Version 12.00
# Visual Studio Version 17
VisualStudioVersion = 17.6.33723.286
MinimumVisualStudioVersion = 10.0.40219.1
Project("{9A19103F-16F7-4668-BE54-9A1E7A4F7556}") = "ErrorHandling", "ErrorHandling.csproj", "{4BBB8E7F-6E42-4170-BF8E-907AB8F65292}"
EndProject
Global
	GlobalSection(SolutionConfigurationPlatforms) = preSolution
		Debug|Any CPU = Debug|Any CPU
		Release|Any CPU = Release|Any CPU
	EndGlobalSection
	GlobalSection(ProjectConfigurationPlatforms) = postSolution
		{4BBB8E7F-6E42-4170-BF8E-907AB8F65292}.Debug|Any CPU.ActiveCfg = Debug|Any CPU
		{4BBB8E7F-6E42-4170-BF8E-907AB8F65292}.Debug|Any CPU.Build.0 = Debug|Any CPU
		{4BBB8E7F-6E42-4170-BF8E-907AB8F65292}.Release|Any CPU.ActiveCfg = Release|Any CPU
		{4BBB8E7F-6E42-4170-BF8E-907AB8F65292}.Release|Any CPU.Build.0 = Release|Any CPU
	EndGlobalSection
	GlobalSection(SolutionProperties) = preSolution
		HideSolutionNode = FALSE
	EndGlobalSection
	GlobalSection(ExtensibilityGlobals) = postSolution
		SolutionGuid = {A8FA2687-CC45-4BD1-8B4F-ECA5BDC29019}
	EndGlobalSection
EndGlobal
