
Microsoft Visual Studio Solution File, Format Version 12.00
# Visual Studio Version 17
VisualStudioVersion = 17.6.33723.286
MinimumVisualStudioVersion = 10.0.40219.1
Project("{9A19103F-16F7-4668-BE54-9A1E7A4F7556}") = "MatchingBrackets", "MatchingBrackets.csproj", "{E468E832-1541-40FE-B72E-0E1E6F24DF7B}"
EndProject
Global
	GlobalSection(SolutionConfigurationPlatforms) = preSolution
		Debug|Any CPU = Debug|Any CPU
		Release|Any CPU = Release|Any CPU
	EndGlobalSection
	GlobalSection(ProjectConfigurationPlatforms) = postSolution
		{E468E832-1541-40FE-B72E-0E1E6F24DF7B}.Debug|Any CPU.ActiveCfg = Debug|Any CPU
		{E468E832-1541-40FE-B72E-0E1E6F24DF7B}.Debug|Any CPU.Build.0 = Debug|Any CPU
		{E468E832-1541-40FE-B72E-0E1E6F24DF7B}.Release|Any CPU.ActiveCfg = Release|Any CPU
		{E468E832-1541-40FE-B72E-0E1E6F24DF7B}.Release|Any CPU.Build.0 = Release|Any CPU
	EndGlobalSection
	GlobalSection(SolutionProperties) = preSolution
		HideSolutionNode = FALSE
	EndGlobalSection
	GlobalSection(ExtensibilityGlobals) = postSolution
		SolutionGuid = {C433EEC6-26D2-4095-8AA3-E3B76FB8917C}
	EndGlobalSection
EndGlobal
