
Microsoft Visual Studio Solution File, Format Version 12.00
# Visual Studio Version 17
VisualStudioVersion = 17.6.33723.286
MinimumVisualStudioVersion = 10.0.40219.1
Project("{9A19103F-16F7-4668-BE54-9A1E7A4F7556}") = "BeautySalonGoesGlobal", "BeautySalonGoesGlobal.csproj", "{2E9BCE57-43E1-443A-8AF8-B1331757BDAE}"
EndProject
Global
	GlobalSection(SolutionConfigurationPlatforms) = preSolution
		Debug|Any CPU = Debug|Any CPU
		Release|Any CPU = Release|Any CPU
	EndGlobalSection
	GlobalSection(ProjectConfigurationPlatforms) = postSolution
		{2E9BCE57-43E1-443A-8AF8-B1331757BDAE}.Debug|Any CPU.ActiveCfg = Debug|Any CPU
		{2E9BCE57-43E1-443A-8AF8-B1331757BDAE}.Debug|Any CPU.Build.0 = Debug|Any CPU
		{2E9BCE57-43E1-443A-8AF8-B1331757BDAE}.Release|Any CPU.ActiveCfg = Release|Any CPU
		{2E9BCE57-43E1-443A-8AF8-B1331757BDAE}.Release|Any CPU.Build.0 = Release|Any CPU
	EndGlobalSection
	GlobalSection(SolutionProperties) = preSolution
		HideSolutionNode = FALSE
	EndGlobalSection
	GlobalSection(ExtensibilityGlobals) = postSolution
		SolutionGuid = {45966295-5266-4416-ABB4-7CEB260994E3}
	EndGlobalSection
EndGlobal
