
Microsoft Visual Studio Solution File, Format Version 12.00
# Visual Studio Version 17
VisualStudioVersion = 17.6.33723.286
MinimumVisualStudioVersion = 10.0.40219.1
Project("{9A19103F-16F7-4668-BE54-9A1E7A4F7556}") = "InterestIsInteresting", "InterestIsInteresting.csproj", "{EE2C461D-843C-42E2-BB3C-9E484820DBF0}"
EndProject
Global
	GlobalSection(SolutionConfigurationPlatforms) = preSolution
		Debug|Any CPU = Debug|Any CPU
		Release|Any CPU = Release|Any CPU
	EndGlobalSection
	GlobalSection(ProjectConfigurationPlatforms) = postSolution
		{EE2C461D-843C-42E2-BB3C-9E484820DBF0}.Debug|Any CPU.ActiveCfg = Debug|Any CPU
		{EE2C461D-843C-42E2-BB3C-9E484820DBF0}.Debug|Any CPU.Build.0 = Debug|Any CPU
		{EE2C461D-843C-42E2-BB3C-9E484820DBF0}.Release|Any CPU.ActiveCfg = Release|Any CPU
		{EE2C461D-843C-42E2-BB3C-9E484820DBF0}.Release|Any CPU.Build.0 = Release|Any CPU
	EndGlobalSection
	GlobalSection(SolutionProperties) = preSolution
		HideSolutionNode = FALSE
	EndGlobalSection
	GlobalSection(ExtensibilityGlobals) = postSolution
		SolutionGuid = {26CB6679-B6BE-4E1A-B24F-BDB1D3E327A5}
	EndGlobalSection
EndGlobal
