
Microsoft Visual Studio Solution File, Format Version 12.00
# Visual Studio Version 17
VisualStudioVersion = 17.6.33723.286
MinimumVisualStudioVersion = 10.0.40219.1
Project("{9A19103F-16F7-4668-BE54-9A1E7A4F7556}") = "Hamming", "Hamming.csproj", "{A305DC8B-E217-426E-B326-A9B5E8D885F3}"
EndProject
Global
	GlobalSection(SolutionConfigurationPlatforms) = preSolution
		Debug|Any CPU = Debug|Any CPU
		Release|Any CPU = Release|Any CPU
	EndGlobalSection
	GlobalSection(ProjectConfigurationPlatforms) = postSolution
		{A305DC8B-E217-426E-B326-A9B5E8D885F3}.Debug|Any CPU.ActiveCfg = Debug|Any CPU
		{A305DC8B-E217-426E-B326-A9B5E8D885F3}.Debug|Any CPU.Build.0 = Debug|Any CPU
		{A305DC8B-E217-426E-B326-A9B5E8D885F3}.Release|Any CPU.ActiveCfg = Release|Any CPU
		{A305DC8B-E217-426E-B326-A9B5E8D885F3}.Release|Any CPU.Build.0 = Release|Any CPU
	EndGlobalSection
	GlobalSection(SolutionProperties) = preSolution
		HideSolutionNode = FALSE
	EndGlobalSection
	GlobalSection(ExtensibilityGlobals) = postSolution
		SolutionGuid = {FEE759F2-C9CA-4498-8F6A-591168160A47}
	EndGlobalSection
EndGlobal
