
Microsoft Visual Studio Solution File, Format Version 12.00
# Visual Studio Version 17
VisualStudioVersion = 17.5.33627.172
MinimumVisualStudioVersion = 10.0.40219.1
Project("{9A19103F-16F7-4668-BE54-9A1E7A4F7556}") = "HelloWorld", "HelloWorld.csproj", "{32B64D66-5005-4C50-BED6-36D85BA50A39}"
EndProject
Global
	GlobalSection(SolutionConfigurationPlatforms) = preSolution
		Debug|Any CPU = Debug|Any CPU
		Release|Any CPU = Release|Any CPU
	EndGlobalSection
	GlobalSection(ProjectConfigurationPlatforms) = postSolution
		{32B64D66-5005-4C50-BED6-36D85BA50A39}.Debug|Any CPU.ActiveCfg = Debug|Any CPU
		{32B64D66-5005-4C50-BED6-36D85BA50A39}.Debug|Any CPU.Build.0 = Debug|Any CPU
		{32B64D66-5005-4C50-BED6-36D85BA50A39}.Release|Any CPU.ActiveCfg = Release|Any CPU
		{32B64D66-5005-4C50-BED6-36D85BA50A39}.Release|Any CPU.Build.0 = Release|Any CPU
	EndGlobalSection
	GlobalSection(SolutionProperties) = preSolution
		HideSolutionNode = FALSE
	EndGlobalSection
	GlobalSection(ExtensibilityGlobals) = postSolution
		SolutionGuid = {7581C8AF-107E-42E1-A091-3478C2255F5D}
	EndGlobalSection
EndGlobal
