
Microsoft Visual Studio Solution File, Format Version 12.00
# Visual Studio Version 17
VisualStudioVersion = 17.6.33723.286
MinimumVisualStudioVersion = 10.0.40219.1
Project("{9A19103F-16F7-4668-BE54-9A1E7A4F7556}") = "InternationalCallingConnoisseur", "InternationalCallingConnoisseur.csproj", "{8E80F6BB-DD98-4A26-A889-A22E4DFDEBBF}"
EndProject
Global
	GlobalSection(SolutionConfigurationPlatforms) = preSolution
		Debug|Any CPU = Debug|Any CPU
		Release|Any CPU = Release|Any CPU
	EndGlobalSection
	GlobalSection(ProjectConfigurationPlatforms) = postSolution
		{8E80F6BB-DD98-4A26-A889-A22E4DFDEBBF}.Debug|Any CPU.ActiveCfg = Debug|Any CPU
		{8E80F6BB-DD98-4A26-A889-A22E4DFDEBBF}.Debug|Any CPU.Build.0 = Debug|Any CPU
		{8E80F6BB-DD98-4A26-A889-A22E4DFDEBBF}.Release|Any CPU.ActiveCfg = Release|Any CPU
		{8E80F6BB-DD98-4A26-A889-A22E4DFDEBBF}.Release|Any CPU.Build.0 = Release|Any CPU
	EndGlobalSection
	GlobalSection(SolutionProperties) = preSolution
		HideSolutionNode = FALSE
	EndGlobalSection
	GlobalSection(ExtensibilityGlobals) = postSolution
		SolutionGuid = {30F2D180-6ED7-405D-B822-1F1C2DBBE6D8}
	EndGlobalSection
EndGlobal
