
Microsoft Visual Studio Solution File, Format Version 12.00
# Visual Studio Version 17
VisualStudioVersion = 17.6.33723.286
MinimumVisualStudioVersion = 10.0.40219.1
Project("{9A19103F-16F7-4668-BE54-9A1E7A4F7556}") = "Gigasecond", "Gigasecond.csproj", "{85CB269D-FB84-4B2B-A6E1-5A2666E12697}"
EndProject
Global
	GlobalSection(SolutionConfigurationPlatforms) = preSolution
		Debug|Any CPU = Debug|Any CPU
		Release|Any CPU = Release|Any CPU
	EndGlobalSection
	GlobalSection(ProjectConfigurationPlatforms) = postSolution
		{85CB269D-FB84-4B2B-A6E1-5A2666E12697}.Debug|Any CPU.ActiveCfg = Debug|Any CPU
		{85CB269D-FB84-4B2B-A6E1-5A2666E12697}.Debug|Any CPU.Build.0 = Debug|Any CPU
		{85CB269D-FB84-4B2B-A6E1-5A2666E12697}.Release|Any CPU.ActiveCfg = Release|Any CPU
		{85CB269D-FB84-4B2B-A6E1-5A2666E12697}.Release|Any CPU.Build.0 = Release|Any CPU
	EndGlobalSection
	GlobalSection(SolutionProperties) = preSolution
		HideSolutionNode = FALSE
	EndGlobalSection
	GlobalSection(ExtensibilityGlobals) = postSolution
		SolutionGuid = {41D49A7D-81BD-4865-86F1-85F330938784}
	EndGlobalSection
EndGlobal
