
Microsoft Visual Studio Solution File, Format Version 12.00
# Visual Studio Version 17
VisualStudioVersion = 17.6.33723.286
MinimumVisualStudioVersion = 10.0.40219.1
Project("{9A19103F-16F7-4668-BE54-9A1E7A4F7556}") = "RobotName", "RobotName.csproj", "{FDEE3283-D318-423F-8C37-3737594990CC}"
EndProject
Global
	GlobalSection(SolutionConfigurationPlatforms) = preSolution
		Debug|Any CPU = Debug|Any CPU
		Release|Any CPU = Release|Any CPU
	EndGlobalSection
	GlobalSection(ProjectConfigurationPlatforms) = postSolution
		{FDEE3283-D318-423F-8C37-3737594990CC}.Debug|Any CPU.ActiveCfg = Debug|Any CPU
		{FDEE3283-D318-423F-8C37-3737594990CC}.Debug|Any CPU.Build.0 = Debug|Any CPU
		{FDEE3283-D318-423F-8C37-3737594990CC}.Release|Any CPU.ActiveCfg = Release|Any CPU
		{FDEE3283-D318-423F-8C37-3737594990CC}.Release|Any CPU.Build.0 = Release|Any CPU
	EndGlobalSection
	GlobalSection(SolutionProperties) = preSolution
		HideSolutionNode = FALSE
	EndGlobalSection
	GlobalSection(ExtensibilityGlobals) = postSolution
		SolutionGuid = {8B539D59-700E-4FDA-AA83-3FAFF57C4357}
	EndGlobalSection
EndGlobal
