
Microsoft Visual Studio Solution File, Format Version 12.00
# Visual Studio Version 17
VisualStudioVersion = 17.6.33723.286
MinimumVisualStudioVersion = 10.0.40219.1
Project("{9A19103F-16F7-4668-BE54-9A1E7A4F7556}") = "SecureMunchesterUnited", "SecureMunchesterUnited.csproj", "{A72D6AFD-6CD2-4CD4-A4AA-DEA66E2A2926}"
EndProject
Global
	GlobalSection(SolutionConfigurationPlatforms) = preSolution
		Debug|Any CPU = Debug|Any CPU
		Release|Any CPU = Release|Any CPU
	EndGlobalSection
	GlobalSection(ProjectConfigurationPlatforms) = postSolution
		{A72D6AFD-6CD2-4CD4-A4AA-DEA66E2A2926}.Debug|Any CPU.ActiveCfg = Debug|Any CPU
		{A72D6AFD-6CD2-4CD4-A4AA-DEA66E2A2926}.Debug|Any CPU.Build.0 = Debug|Any CPU
		{A72D6AFD-6CD2-4CD4-A4AA-DEA66E2A2926}.Release|Any CPU.ActiveCfg = Release|Any CPU
		{A72D6AFD-6CD2-4CD4-A4AA-DEA66E2A2926}.Release|Any CPU.Build.0 = Release|Any CPU
	EndGlobalSection
	GlobalSection(SolutionProperties) = preSolution
		HideSolutionNode = FALSE
	EndGlobalSection
	GlobalSection(ExtensibilityGlobals) = postSolution
		SolutionGuid = {352D8A08-0CF8-4F42-9D09-D20C19D194FB}
	EndGlobalSection
EndGlobal
