
Microsoft Visual Studio Solution File, Format Version 12.00
# Visual Studio Version 17
VisualStudioVersion = 17.6.33723.286
MinimumVisualStudioVersion = 10.0.40219.1
Project("{9A19103F-16F7-4668-BE54-9A1E7A4F7556}") = "TwoFer", "TwoFer.csproj", "{7D195301-69D1-4DC7-9DC6-7804D68DCB29}"
EndProject
Global
	GlobalSection(SolutionConfigurationPlatforms) = preSolution
		Debug|Any CPU = Debug|Any CPU
		Release|Any CPU = Release|Any CPU
	EndGlobalSection
	GlobalSection(ProjectConfigurationPlatforms) = postSolution
		{7D195301-69D1-4DC7-9DC6-7804D68DCB29}.Debug|Any CPU.ActiveCfg = Debug|Any CPU
		{7D195301-69D1-4DC7-9DC6-7804D68DCB29}.Debug|Any CPU.Build.0 = Debug|Any CPU
		{7D195301-69D1-4DC7-9DC6-7804D68DCB29}.Release|Any CPU.ActiveCfg = Release|Any CPU
		{7D195301-69D1-4DC7-9DC6-7804D68DCB29}.Release|Any CPU.Build.0 = Release|Any CPU
	EndGlobalSection
	GlobalSection(SolutionProperties) = preSolution
		HideSolutionNode = FALSE
	EndGlobalSection
	GlobalSection(ExtensibilityGlobals) = postSolution
		SolutionGuid = {C35DF73C-1733-4FC9-AF96-73FACC832BC3}
	EndGlobalSection
EndGlobal
