
Microsoft Visual Studio Solution File, Format Version 12.00
# Visual Studio Version 17
VisualStudioVersion = 17.6.33723.286
MinimumVisualStudioVersion = 10.0.40219.1
Project("{9A19103F-16F7-4668-BE54-9A1E7A4F7556}") = "Sieve", "Sieve.csproj", "{2A99850F-1037-4196-A0E5-1E9E6FA52F47}"
EndProject
Global
	GlobalSection(SolutionConfigurationPlatforms) = preSolution
		Debug|Any CPU = Debug|Any CPU
		Release|Any CPU = Release|Any CPU
	EndGlobalSection
	GlobalSection(ProjectConfigurationPlatforms) = postSolution
		{2A99850F-1037-4196-A0E5-1E9E6FA52F47}.Debug|Any CPU.ActiveCfg = Debug|Any CPU
		{2A99850F-1037-4196-A0E5-1E9E6FA52F47}.Debug|Any CPU.Build.0 = Debug|Any CPU
		{2A99850F-1037-4196-A0E5-1E9E6FA52F47}.Release|Any CPU.ActiveCfg = Release|Any CPU
		{2A99850F-1037-4196-A0E5-1E9E6FA52F47}.Release|Any CPU.Build.0 = Release|Any CPU
	EndGlobalSection
	GlobalSection(SolutionProperties) = preSolution
		HideSolutionNode = FALSE
	EndGlobalSection
	GlobalSection(ExtensibilityGlobals) = postSolution
		SolutionGuid = {DE68FF47-847F-4D03-A709-4B4BCDEC50B6}
	EndGlobalSection
EndGlobal
