
Microsoft Visual Studio Solution File, Format Version 12.00
# Visual Studio Version 17
VisualStudioVersion = 17.6.33723.286
MinimumVisualStudioVersion = 10.0.40219.1
Project("{9A19103F-16F7-4668-BE54-9A1E7A4F7556}") = "SpaceAge", "SpaceAge.csproj", "{C56A034A-34FE-4646-8E5E-C79C8C5B3890}"
EndProject
Global
	GlobalSection(SolutionConfigurationPlatforms) = preSolution
		Debug|Any CPU = Debug|Any CPU
		Release|Any CPU = Release|Any CPU
	EndGlobalSection
	GlobalSection(ProjectConfigurationPlatforms) = postSolution
		{C56A034A-34FE-4646-8E5E-C79C8C5B3890}.Debug|Any CPU.ActiveCfg = Debug|Any CPU
		{C56A034A-34FE-4646-8E5E-C79C8C5B3890}.Debug|Any CPU.Build.0 = Debug|Any CPU
		{C56A034A-34FE-4646-8E5E-C79C8C5B3890}.Release|Any CPU.ActiveCfg = Release|Any CPU
		{C56A034A-34FE-4646-8E5E-C79C8C5B3890}.Release|Any CPU.Build.0 = Release|Any CPU
	EndGlobalSection
	GlobalSection(SolutionProperties) = preSolution
		HideSolutionNode = FALSE
	EndGlobalSection
	GlobalSection(ExtensibilityGlobals) = postSolution
		SolutionGuid = {718E2205-52C1-4899-9053-9D31982D8BF9}
	EndGlobalSection
EndGlobal
