
Microsoft Visual Studio Solution File, Format Version 12.00
# Visual Studio Version 17
VisualStudioVersion = 17.6.33723.286
MinimumVisualStudioVersion = 10.0.40219.1
Project("{9A19103F-16F7-4668-BE54-9A1E7A4F7556}") = "PerfectNumbers", "PerfectNumbers.csproj", "{C931357B-E55E-426D-93D4-15C97CB55DEF}"
EndProject
Global
	GlobalSection(SolutionConfigurationPlatforms) = preSolution
		Debug|Any CPU = Debug|Any CPU
		Release|Any CPU = Release|Any CPU
	EndGlobalSection
	GlobalSection(ProjectConfigurationPlatforms) = postSolution
		{C931357B-E55E-426D-93D4-15C97CB55DEF}.Debug|Any CPU.ActiveCfg = Debug|Any CPU
		{C931357B-E55E-426D-93D4-15C97CB55DEF}.Debug|Any CPU.Build.0 = Debug|Any CPU
		{C931357B-E55E-426D-93D4-15C97CB55DEF}.Release|Any CPU.ActiveCfg = Release|Any CPU
		{C931357B-E55E-426D-93D4-15C97CB55DEF}.Release|Any CPU.Build.0 = Release|Any CPU
	EndGlobalSection
	GlobalSection(SolutionProperties) = preSolution
		HideSolutionNode = FALSE
	EndGlobalSection
	GlobalSection(ExtensibilityGlobals) = postSolution
		SolutionGuid = {42072C68-3FCC-4A1E-8DEF-4CE9E6863B96}
	EndGlobalSection
EndGlobal
