
Microsoft Visual Studio Solution File, Format Version 12.00
# Visual Studio Version 17
VisualStudioVersion = 17.7.34024.191
MinimumVisualStudioVersion = 10.0.40219.1
Project("{9A19103F-16F7-4668-BE54-9A1E7A4F7556}") = "PascalsTriangle", "PascalsTriangle.csproj", "{496695D6-CDA7-43D4-A5FA-1CF15A6AAFF9}"
EndProject
Global
	GlobalSection(SolutionConfigurationPlatforms) = preSolution
		Debug|Any CPU = Debug|Any CPU
		Release|Any CPU = Release|Any CPU
	EndGlobalSection
	GlobalSection(ProjectConfigurationPlatforms) = postSolution
		{496695D6-CDA7-43D4-A5FA-1CF15A6AAFF9}.Debug|Any CPU.ActiveCfg = Debug|Any CPU
		{496695D6-CDA7-43D4-A5FA-1CF15A6AAFF9}.Debug|Any CPU.Build.0 = Debug|Any CPU
		{496695D6-CDA7-43D4-A5FA-1CF15A6AAFF9}.Release|Any CPU.ActiveCfg = Release|Any CPU
		{496695D6-CDA7-43D4-A5FA-1CF15A6AAFF9}.Release|Any CPU.Build.0 = Release|Any CPU
	EndGlobalSection
	GlobalSection(SolutionProperties) = preSolution
		HideSolutionNode = FALSE
	EndGlobalSection
	GlobalSection(ExtensibilityGlobals) = postSolution
		SolutionGuid = {ED5F4372-CF83-405E-AD23-EA3AAB36823E}
	EndGlobalSection
EndGlobal
